
Microsoft Visual Studio Solution File, Format Version 12.00
# Visual Studio Version 16
VisualStudioVersion = 16.0.29911.84
MinimumVisualStudioVersion = 10.0.40219.1
Project("{FAE04EC0-301F-11D3-BF4B-00C04F79EFBC}") = "Walkers D365 JavaScript - Hide garden fields if property type equals flat", "Walkers D365 JavaScript - Hide garden fields if property type equals flat.csproj", "{90355C21-8240-4247-995A-4503120BBCF6}"
EndProject
Global
	GlobalSection(SolutionConfigurationPlatforms) = preSolution
		Debug|Any CPU = Debug|Any CPU
		Release|Any CPU = Release|Any CPU
	EndGlobalSection
	GlobalSection(ProjectConfigurationPlatforms) = postSolution
		{90355C21-8240-4247-995A-4503120BBCF6}.Debug|Any CPU.ActiveCfg = Debug|Any CPU
		{90355C21-8240-4247-995A-4503120BBCF6}.Debug|Any CPU.Build.0 = Debug|Any CPU
		{90355C21-8240-4247-995A-4503120BBCF6}.Release|Any CPU.ActiveCfg = Release|Any CPU
		{90355C21-8240-4247-995A-4503120BBCF6}.Release|Any CPU.Build.0 = Release|Any CPU
	EndGlobalSection
	GlobalSection(SolutionProperties) = preSolution
		HideSolutionNode = FALSE
	EndGlobalSection
	GlobalSection(ExtensibilityGlobals) = postSolution
		SolutionGuid = {ED2255ED-3BEE-40DF-9FBB-3EBADBE1FD69}
	EndGlobalSection
EndGlobal
